
Microsoft Visual Studio Solution File, Format Version 12.00
# Visual Studio Version 17
VisualStudioVersion = 17.13.35931.197
MinimumVisualStudioVersion = 10.0.40219.1
Project("{FAE04EC0-301F-11D3-BF4B-00C04F79EFBC}") = "Yaush.Client", "Yaush.Client\Yaush.Client.csproj", "{B1E1ADC0-B6F8-4C78-9E2E-B7458E8D0574}"
EndProject
Project("{FAE04EC0-301F-11D3-BF4B-00C04F79EFBC}") = "Yaush.UrlCreateLambda", "Yaush.UrlCreateLambda\Yaush.UrlCreateLambda.csproj", "{323FB754-390D-FB78-CE06-C5ADA192113E}"
EndProject
Project("{FAE04EC0-301F-11D3-BF4B-00C04F79EFBC}") = "Yaush.UrlRedirectLambda", "Yaush.UrlRedirectLambda\Yaush.UrlRedirectLambda.csproj", "{157CED04-19D3-6462-8C90-AA52BD74021C}"
EndProject
Project("{FAE04EC0-301F-11D3-BF4B-00C04F79EFBC}") = "Yaush.GhostUser", "Yaush.GhostUser\Yaush.GhostUser.csproj", "{2FCAB0FB-50D9-163B-521A-16BF97733A7C}"
EndProject
Global
	GlobalSection(SolutionConfigurationPlatforms) = preSolution
		Debug|Any CPU = Debug|Any CPU
		Release|Any CPU = Release|Any CPU
	EndGlobalSection
	GlobalSection(ProjectConfigurationPlatforms) = postSolution
		{B1E1ADC0-B6F8-4C78-9E2E-B7458E8D0574}.Debug|Any CPU.ActiveCfg = Debug|Any CPU
		{B1E1ADC0-B6F8-4C78-9E2E-B7458E8D0574}.Debug|Any CPU.Build.0 = Debug|Any CPU
		{B1E1ADC0-B6F8-4C78-9E2E-B7458E8D0574}.Release|Any CPU.ActiveCfg = Release|Any CPU
		{B1E1ADC0-B6F8-4C78-9E2E-B7458E8D0574}.Release|Any CPU.Build.0 = Release|Any CPU
		{323FB754-390D-FB78-CE06-C5ADA192113E}.Debug|Any CPU.ActiveCfg = Debug|Any CPU
		{323FB754-390D-FB78-CE06-C5ADA192113E}.Debug|Any CPU.Build.0 = Debug|Any CPU
		{323FB754-390D-FB78-CE06-C5ADA192113E}.Release|Any CPU.ActiveCfg = Release|Any CPU
		{323FB754-390D-FB78-CE06-C5ADA192113E}.Release|Any CPU.Build.0 = Release|Any CPU
		{157CED04-19D3-6462-8C90-AA52BD74021C}.Debug|Any CPU.ActiveCfg = Debug|Any CPU
		{157CED04-19D3-6462-8C90-AA52BD74021C}.Debug|Any CPU.Build.0 = Debug|Any CPU
		{157CED04-19D3-6462-8C90-AA52BD74021C}.Release|Any CPU.ActiveCfg = Release|Any CPU
		{157CED04-19D3-6462-8C90-AA52BD74021C}.Release|Any CPU.Build.0 = Release|Any CPU
		{2FCAB0FB-50D9-163B-521A-16BF97733A7C}.Debug|Any CPU.ActiveCfg = Debug|Any CPU
		{2FCAB0FB-50D9-163B-521A-16BF97733A7C}.Debug|Any CPU.Build.0 = Debug|Any CPU
		{2FCAB0FB-50D9-163B-521A-16BF97733A7C}.Release|Any CPU.ActiveCfg = Release|Any CPU
		{2FCAB0FB-50D9-163B-521A-16BF97733A7C}.Release|Any CPU.Build.0 = Release|Any CPU
	EndGlobalSection
	GlobalSection(SolutionProperties) = preSolution
		HideSolutionNode = FALSE
	EndGlobalSection
	GlobalSection(ExtensibilityGlobals) = postSolution
		SolutionGuid = {DC19279D-566F-4CA3-A036-CE79008309EE}
	EndGlobalSection
EndGlobal
